// !$*UTF8*$!
{
	archiveVersion = 1;
	classes = {
	};
	objectVersion = 46;
	objects = {

/* Begin PBXBuildFile section */
		556153201A6EFFA9004BE724 /* groupsloader.c in Sources */ = {isa = PBXBuildFile; fileRef = 5561531F1A6EFFA9004BE724 /* groupsloader.c */; };
		556153231A6F0193004BE724 /* makemaps.c in Sources */ = {isa = PBXBuildFile; fileRef = 556153211A6F0193004BE724 /* makemaps.c */; };
		557EE8AC1A682EE6006B258A /* tilearray.c in Sources */ = {isa = PBXBuildFile; fileRef = 557EE8AB1A682EE6006B258A /* tilearray.c */; };
		55A1D6A71A312C3F00CFC972 /* main.c in Sources */ = {isa = PBXBuildFile; fileRef = 55A1D6A61A312C3F00CFC972 /* main.c */; };
		55A1D6B81A312F3800CFC972 /* libpng16.a in Frameworks */ = {isa = PBXBuildFile; fileRef = 55A1D6B71A312F3800CFC972 /* libpng16.a */; };
		55E830461A6D27CF0038434C /* pngloader.c in Sources */ = {isa = PBXBuildFile; fileRef = 55E830451A6D27CF0038434C /* pngloader.c */; };
		55F7E0481A3B05B600A64017 /* libDPTLib.a in Frameworks */ = {isa = PBXBuildFile; fileRef = 55F7E0431A3B05A100A64017 /* libDPTLib.a */; };
/* End PBXBuildFile section */

/* Begin PBXContainerItemProxy section */
		55F7E0421A3B05A100A64017 /* PBXContainerItemProxy */ = {
			isa = PBXContainerItemProxy;
			containerPortal = 55A1D6A81A312C6400CFC972 /* DPTLib.xcodeproj */;
			proxyType = 2;
			remoteGlobalIDString = 5551374C165456FA007F3565;
			remoteInfo = DPTLib;
		};
		55F7E0441A3B05A100A64017 /* PBXContainerItemProxy */ = {
			isa = PBXContainerItemProxy;
			containerPortal = 55A1D6A81A312C6400CFC972 /* DPTLib.xcodeproj */;
			proxyType = 2;
			remoteGlobalIDString = 55F7DFE91A373E9000A64017;
			remoteInfo = DPTLibTest;
		};
		55F7E0461A3B05B200A64017 /* PBXContainerItemProxy */ = {
			isa = PBXContainerItemProxy;
			containerPortal = 55A1D6A81A312C6400CFC972 /* DPTLib.xcodeproj */;
			proxyType = 1;
			remoteGlobalIDString = 5551374B165456FA007F3565;
			remoteInfo = DPTLib;
		};
/* End PBXContainerItemProxy section */

/* Begin PBXCopyFilesBuildPhase section */
		55A1D6981A312C0E00CFC972 /* CopyFiles */ = {
			isa = PBXCopyFilesBuildPhase;
			buildActionMask = 2147483647;
			dstPath = /usr/share/man/man1/;
			dstSubfolderSpec = 0;
			files = (
			);
			runOnlyForDeploymentPostprocessing = 1;
		};
/* End PBXCopyFilesBuildPhase section */

/* Begin PBXFileReference section */
		5561531D1A6EFF9A004BE724 /* groupsloader.h */ = {isa = PBXFileReference; lastKnownFileType = sourcecode.c.h; path = groupsloader.h; sourceTree = SOURCE_ROOT; };
		5561531F1A6EFFA9004BE724 /* groupsloader.c */ = {isa = PBXFileReference; fileEncoding = 4; lastKnownFileType = sourcecode.c.c; path = groupsloader.c; sourceTree = SOURCE_ROOT; };
		556153211A6F0193004BE724 /* makemaps.c */ = {isa = PBXFileReference; fileEncoding = 4; lastKnownFileType = sourcecode.c.c; path = makemaps.c; sourceTree = SOURCE_ROOT; };
		556153221A6F0193004BE724 /* makemaps.h */ = {isa = PBXFileReference; fileEncoding = 4; lastKnownFileType = sourcecode.c.h; path = makemaps.h; sourceTree = SOURCE_ROOT; };
		556153241A6F01F3004BE724 /* config.h */ = {isa = PBXFileReference; lastKnownFileType = sourcecode.c.h; path = config.h; sourceTree = SOURCE_ROOT; };
		557EE8AB1A682EE6006B258A /* tilearray.c */ = {isa = PBXFileReference; fileEncoding = 4; lastKnownFileType = sourcecode.c.c; path = tilearray.c; sourceTree = SOURCE_ROOT; };
		557EE8AE1A682F43006B258A /* tilearray.h */ = {isa = PBXFileReference; lastKnownFileType = sourcecode.c.h; path = tilearray.h; sourceTree = SOURCE_ROOT; };
		55A1D69A1A312C0E00CFC972 /* MakeMap */ = {isa = PBXFileReference; explicitFileType = "compiled.mach-o.executable"; includeInIndex = 0; path = MakeMap; sourceTree = BUILT_PRODUCTS_DIR; };
		55A1D6A61A312C3F00CFC972 /* main.c */ = {isa = PBXFileReference; fileEncoding = 4; indentWidth = 2; lastKnownFileType = sourcecode.c.c; lineEnding = 0; path = main.c; sourceTree = SOURCE_ROOT; tabWidth = 8; xcLanguageSpecificationIdentifier = xcode.lang.c; };
		55A1D6A81A312C6400CFC972 /* DPTLib.xcodeproj */ = {isa = PBXFileReference; lastKnownFileType = "wrapper.pb-project"; name = DPTLib.xcodeproj; path = ../../../DPTLib/platform/osx/DPTLib.xcodeproj; sourceTree = "<group>"; };
		55A1D6B71A312F3800CFC972 /* libpng16.a */ = {isa = PBXFileReference; lastKnownFileType = archive.ar; name = libpng16.a; path = ../../../../../../../usr/local/Cellar/libpng/1.6.15/lib/libpng16.a; sourceTree = "<group>"; };
		55E830451A6D27CF0038434C /* pngloader.c */ = {isa = PBXFileReference; fileEncoding = 4; lastKnownFileType = sourcecode.c.c; path = pngloader.c; sourceTree = SOURCE_ROOT; };
		55E830481A6D27E10038434C /* pngloader.h */ = {isa = PBXFileReference; lastKnownFileType = sourcecode.c.h; path = pngloader.h; sourceTree = SOURCE_ROOT; };
/* End PBXFileReference section */

/* Begin PBXFrameworksBuildPhase section */
		55A1D6971A312C0E00CFC972 /* Frameworks */ = {
			isa = PBXFrameworksBuildPhase;
			buildActionMask = 2147483647;
			files = (
				55F7E0481A3B05B600A64017 /* libDPTLib.a in Frameworks */,
				55A1D6B81A312F3800CFC972 /* libpng16.a in Frameworks */,
			);
			runOnlyForDeploymentPostprocessing = 0;
		};
/* End PBXFrameworksBuildPhase section */

/* Begin PBXGroup section */
		55A1D6911A312C0E00CFC972 = {
			isa = PBXGroup;
			children = (
				55A1D6A81A312C6400CFC972 /* DPTLib.xcodeproj */,
				55A1D69C1A312C0E00CFC972 /* MakeMap */,
				55A1D6B51A312D9B00CFC972 /* Frameworks */,
				55A1D69B1A312C0E00CFC972 /* Products */,
			);
			indentWidth = 2;
			sourceTree = "<group>";
			tabWidth = 2;
			usesTabs = 0;
		};
		55A1D69B1A312C0E00CFC972 /* Products */ = {
			isa = PBXGroup;
			children = (
				55A1D69A1A312C0E00CFC972 /* MakeMap */,
			);
			name = Products;
			sourceTree = "<group>";
		};
		55A1D69C1A312C0E00CFC972 /* MakeMap */ = {
			isa = PBXGroup;
			children = (
				556153241A6F01F3004BE724 /* config.h */,
				5561531F1A6EFFA9004BE724 /* groupsloader.c */,
				5561531D1A6EFF9A004BE724 /* groupsloader.h */,
				55A1D6A61A312C3F00CFC972 /* main.c */,
				556153211A6F0193004BE724 /* makemaps.c */,
				556153221A6F0193004BE724 /* makemaps.h */,
				55E830451A6D27CF0038434C /* pngloader.c */,
				55E830481A6D27E10038434C /* pngloader.h */,
				557EE8AB1A682EE6006B258A /* tilearray.c */,
				557EE8AE1A682F43006B258A /* tilearray.h */,
			);
			path = MakeMap;
			sourceTree = "<group>";
		};
		55A1D6B51A312D9B00CFC972 /* Frameworks */ = {
			isa = PBXGroup;
			children = (
				55A1D6B71A312F3800CFC972 /* libpng16.a */,
			);
			name = Frameworks;
			sourceTree = "<group>";
		};
		55F7E03E1A3B05A100A64017 /* Products */ = {
			isa = PBXGroup;
			children = (
				55F7E0431A3B05A100A64017 /* libDPTLib.a */,
				55F7E0451A3B05A100A64017 /* DPTLibTest */,
			);
			name = Products;
			sourceTree = "<group>";
		};
/* End PBXGroup section */

/* Begin PBXNativeTarget section */
		55A1D6991A312C0E00CFC972 /* MakeMap */ = {
			isa = PBXNativeTarget;
			buildConfigurationList = 55A1D6A11A312C0E00CFC972 /* Build configuration list for PBXNativeTarget "MakeMap" */;
			buildPhases = (
				55A1D6961A312C0E00CFC972 /* Sources */,
				55A1D6971A312C0E00CFC972 /* Frameworks */,
				55A1D6981A312C0E00CFC972 /* CopyFiles */,
			);
			buildRules = (
			);
			dependencies = (
				55F7E0471A3B05B200A64017 /* PBXTargetDependency */,
			);
			name = MakeMap;
			productName = MakeMap;
			productReference = 55A1D69A1A312C0E00CFC972 /* MakeMap */;
			productType = "com.apple.product-type.tool";
		};
/* End PBXNativeTarget section */

/* Begin PBXProject section */
		55A1D6921A312C0E00CFC972 /* Project object */ = {
			isa = PBXProject;
			attributes = {
				LastUpgradeCheck = 0600;
				ORGANIZATIONNAME = "David Thomas";
				TargetAttributes = {
					55A1D6991A312C0E00CFC972 = {
						CreatedOnToolsVersion = 6.0.1;
					};
				};
			};
			buildConfigurationList = 55A1D6951A312C0E00CFC972 /* Build configuration list for PBXProject "MakeMap" */;
			compatibilityVersion = "Xcode 3.2";
			developmentRegion = English;
			hasScannedForEncodings = 0;
			knownRegions = (
				en,
			);
			mainGroup = 55A1D6911A312C0E00CFC972;
			productRefGroup = 55A1D69B1A312C0E00CFC972 /* Products */;
			projectDirPath = "";
			projectReferences = (
				{
					ProductGroup = 55F7E03E1A3B05A100A64017 /* Products */;
					ProjectRef = 55A1D6A81A312C6400CFC972 /* DPTLib.xcodeproj */;
				},
			);
			projectRoot = "";
			targets = (
				55A1D6991A312C0E00CFC972 /* MakeMap */,
			);
		};
/* End PBXProject section */

/* Begin PBXReferenceProxy section */
		55F7E0431A3B05A100A64017 /* libDPTLib.a */ = {
			isa = PBXReferenceProxy;
			fileType = archive.ar;
			path = libDPTLib.a;
			remoteRef = 55F7E0421A3B05A100A64017 /* PBXContainerItemProxy */;
			sourceTree = BUILT_PRODUCTS_DIR;
		};
		55F7E0451A3B05A100A64017 /* DPTLibTest */ = {
			isa = PBXReferenceProxy;
			fileType = "compiled.mach-o.executable";
			path = DPTLibTest;
			remoteRef = 55F7E0441A3B05A100A64017 /* PBXContainerItemProxy */;
			sourceTree = BUILT_PRODUCTS_DIR;
		};
/* End PBXReferenceProxy section */

/* Begin PBXSourcesBuildPhase section */
		55A1D6961A312C0E00CFC972 /* Sources */ = {
			isa = PBXSourcesBuildPhase;
			buildActionMask = 2147483647;
			files = (
				55E830461A6D27CF0038434C /* pngloader.c in Sources */,
				556153231A6F0193004BE724 /* makemaps.c in Sources */,
				55A1D6A71A312C3F00CFC972 /* main.c in Sources */,
				556153201A6EFFA9004BE724 /* groupsloader.c in Sources */,
				557EE8AC1A682EE6006B258A /* tilearray.c in Sources */,
			);
			runOnlyForDeploymentPostprocessing = 0;
		};
/* End PBXSourcesBuildPhase section */

/* Begin PBXTargetDependency section */
		55F7E0471A3B05B200A64017 /* PBXTargetDependency */ = {
			isa = PBXTargetDependency;
			name = DPTLib;
			targetProxy = 55F7E0461A3B05B200A64017 /* PBXContainerItemProxy */;
		};
/* End PBXTargetDependency section */

/* Begin XCBuildConfiguration section */
		55A1D69F1A312C0E00CFC972 /* Debug */ = {
			isa = XCBuildConfiguration;
			buildSettings = {
				ALWAYS_SEARCH_USER_PATHS = NO;
				CLANG_CXX_LIBRARY = "libc++";
				CLANG_ENABLE_MODULES = YES;
				CLANG_ENABLE_OBJC_ARC = YES;
				CLANG_WARN_BOOL_CONVERSION = YES;
				CLANG_WARN_CONSTANT_CONVERSION = YES;
				CLANG_WARN_DIRECT_OBJC_ISA_USAGE = YES_ERROR;
				CLANG_WARN_EMPTY_BODY = YES;
				CLANG_WARN_ENUM_CONVERSION = YES;
				CLANG_WARN_INT_CONVERSION = YES;
				CLANG_WARN_OBJC_ROOT_CLASS = YES_ERROR;
				CLANG_WARN_UNREACHABLE_CODE = YES;
				CLANG_WARN__DUPLICATE_METHOD_MATCH = YES;
				COPY_PHASE_STRIP = NO;
				ENABLE_STRICT_OBJC_MSGSEND = YES;
				GCC_DYNAMIC_NO_PIC = NO;
				GCC_OPTIMIZATION_LEVEL = 0;
				GCC_PREPROCESSOR_DEFINITIONS = (
					"DEBUG=1",
					"$(inherited)",
				);
				GCC_SYMBOLS_PRIVATE_EXTERN = NO;
				GCC_WARN_64_TO_32_BIT_CONVERSION = YES;
				GCC_WARN_ABOUT_RETURN_TYPE = YES_ERROR;
				GCC_WARN_UNDECLARED_SELECTOR = YES;
				GCC_WARN_UNINITIALIZED_AUTOS = YES_AGGRESSIVE;
				GCC_WARN_UNUSED_FUNCTION = YES;
				GCC_WARN_UNUSED_VARIABLE = YES;
				HEADER_SEARCH_PATHS = (
					"$(inherited)",
					/Applications/Xcode.app/Contents/Developer/Toolchains/XcodeDefault.xctoolchain/usr/include,
					/usr/local/include/,
					"\"$(SRCROOT)/../../../DPTLib/include\"",
				);
				LIBRARY_SEARCH_PATHS = /usr/local/lib/;
				MACOSX_DEPLOYMENT_TARGET = 10.7;
				MTL_ENABLE_DEBUG_INFO = YES;
				ONLY_ACTIVE_ARCH = YES;
				SDKROOT = macosx;
			};
			name = Debug;
		};
		55A1D6A01A312C0E00CFC972 /* Release */ = {
			isa = XCBuildConfiguration;
			buildSettings = {
				ALWAYS_SEARCH_USER_PATHS = NO;
				CLANG_CXX_LIBRARY = "libc++";
				CLANG_ENABLE_MODULES = YES;
				CLANG_ENABLE_OBJC_ARC = YES;
				CLANG_WARN_BOOL_CONVERSION = YES;
				CLANG_WARN_CONSTANT_CONVERSION = YES;
				CLANG_WARN_DIRECT_OBJC_ISA_USAGE = YES_ERROR;
				CLANG_WARN_EMPTY_BODY = YES;
				CLANG_WARN_ENUM_CONVERSION = YES;
				CLANG_WARN_INT_CONVERSION = YES;
				CLANG_WARN_OBJC_ROOT_CLASS = YES_ERROR;
				CLANG_WARN_UNREACHABLE_CODE = YES;
				CLANG_WARN__DUPLICATE_METHOD_MATCH = YES;
				COPY_PHASE_STRIP = YES;
				DEBUG_INFORMATION_FORMAT = "dwarf-with-dsym";
				ENABLE_NS_ASSERTIONS = NO;
				ENABLE_STRICT_OBJC_MSGSEND = YES;
				GCC_WARN_64_TO_32_BIT_CONVERSION = YES;
				GCC_WARN_ABOUT_RETURN_TYPE = YES_ERROR;
				GCC_WARN_UNDECLARED_SELECTOR = YES;
				GCC_WARN_UNINITIALIZED_AUTOS = YES_AGGRESSIVE;
				GCC_WARN_UNUSED_FUNCTION = YES;
				GCC_WARN_UNUSED_VARIABLE = YES;
				HEADER_SEARCH_PATHS = (
					"$(inherited)",
					/Applications/Xcode.app/Contents/Developer/Toolchains/XcodeDefault.xctoolchain/usr/include,
					/usr/local/include/,
					"\"$(SRCROOT)/../../../DPTLib/include\"",
				);
				LIBRARY_SEARCH_PATHS = /usr/local/lib/;
				MACOSX_DEPLOYMENT_TARGET = 10.7;
				MTL_ENABLE_DEBUG_INFO = NO;
				SDKROOT = macosx;
			};
			name = Release;
		};
		55A1D6A21A312C0E00CFC972 /* Debug */ = {
			isa = XCBuildConfiguration;
			buildSettings = {
				LIBRARY_SEARCH_PATHS = (
					"$(inherited)",
					/usr/local/Cellar/libpng/1.6.15/lib,
				);
				PRODUCT_NAME = "$(TARGET_NAME)";
			};
			name = Debug;
		};
		55A1D6A31A312C0E00CFC972 /* Release */ = {
			isa = XCBuildConfiguration;
			buildSettings = {
				LIBRARY_SEARCH_PATHS = (
					"$(inherited)",
					/usr/local/Cellar/libpng/1.6.15/lib,
				);
				PRODUCT_NAME = "$(TARGET_NAME)";
			};
			name = Release;
		};
/* End XCBuildConfiguration section */

/* Begin XCConfigurationList section */
		55A1D6951A312C0E00CFC972 /* Build configuration list for PBXProject "MakeMap" */ = {
			isa = XCConfigurationList;
			buildConfigurations = (
				55A1D69F1A312C0E00CFC972 /* Debug */,
				55A1D6A01A312C0E00CFC972 /* Release */,
			);
			defaultConfigurationIsVisible = 0;
			defaultConfigurationName = Release;
		};
		55A1D6A11A312C0E00CFC972 /* Build configuration list for PBXNativeTarget "MakeMap" */ = {
			isa = XCConfigurationList;
			buildConfigurations = (
				55A1D6A21A312C0E00CFC972 /* Debug */,
				55A1D6A31A312C0E00CFC972 /* Release */,
			);
			defaultConfigurationIsVisible = 0;
			defaultConfigurationName = Release;
		};
/* End XCConfigurationList section */
	};
	rootObject = 55A1D6921A312C0E00CFC972 /* Project object */;
}
